
Microsoft Visual Studio Solution File, Format Version 12.00
# Visual Studio Version 17
VisualStudioVersion = 17.8.34309.116
MinimumVisualStudioVersion = 10.0.40219.1
Project("{FAE04EC0-301F-11D3-BF4B-00C04F79EFBC}") = "WebLaptop", "WebLaptop\WebLaptop.csproj", "{9B457EB6-C228-4A3D-BFB9-11E8D4972B0B}"
EndProject
Global
	GlobalSection(SolutionConfigurationPlatforms) = preSolution
		Debug|Any CPU = Debug|Any CPU
		Release|Any CPU = Release|Any CPU
	EndGlobalSection
	GlobalSection(ProjectConfigurationPlatforms) = postSolution
		{9B457EB6-C228-4A3D-BFB9-11E8D4972B0B}.Debug|Any CPU.ActiveCfg = Debug|Any CPU
		{9B457EB6-C228-4A3D-BFB9-11E8D4972B0B}.Debug|Any CPU.Build.0 = Debug|Any CPU
		{9B457EB6-C228-4A3D-BFB9-11E8D4972B0B}.Release|Any CPU.ActiveCfg = Release|Any CPU
		{9B457EB6-C228-4A3D-BFB9-11E8D4972B0B}.Release|Any CPU.Build.0 = Release|Any CPU
	EndGlobalSection
	GlobalSection(SolutionProperties) = preSolution
		HideSolutionNode = FALSE
	EndGlobalSection
	GlobalSection(ExtensibilityGlobals) = postSolution
		SolutionGuid = {F1FC7028-40AD-416E-BABC-D1DF7310A587}
	EndGlobalSection
EndGlobal
